// !$*UTF8*$!
{
	archiveVersion = 1;
	classes = {
	};
	objectVersion = 46;
	objects = {

/* Begin PBXBuildFile section */
		9452CEBB1AEE1BF40000C1B4 /* main.m in Sources */ = {isa = PBXBuildFile; fileRef = 9452CEBA1AEE1BF40000C1B4 /* main.m */; };
		9452CEBE1AEE1BF40000C1B4 /* BLCAppDelegate.m in Sources */ = {isa = PBXBuildFile; fileRef = 9452CEBD1AEE1BF40000C1B4 /* BLCAppDelegate.m */; };
		9452CEC61AEE1BF40000C1B4 /* Images.xcassets in Resources */ = {isa = PBXBuildFile; fileRef = 9452CEC51AEE1BF40000C1B4 /* Images.xcassets */; };
		9452CED51AEE1BF40000C1B4 /* BlocBrowserTests.m in Sources */ = {isa = PBXBuildFile; fileRef = 9452CED41AEE1BF40000C1B4 /* BlocBrowserTests.m */; };
		9452CEE31AEE1CDF0000C1B4 /* BLCWebBrowserViewController.m in Sources */ = {isa = PBXBuildFile; fileRef = 9452CEE21AEE1CDF0000C1B4 /* BLCWebBrowserViewController.m */; };
		9452CEEE1AEE3B2C0000C1B4 /* Default-568h@2x.png in Resources */ = {isa = PBXBuildFile; fileRef = 9452CEED1AEE3B2C0000C1B4 /* Default-568h@2x.png */; };
		9452CEF01AEE3BD30000C1B4 /* Info.plist in Resources */ = {isa = PBXBuildFile; fileRef = 9452CEEF1AEE3BD30000C1B4 /* Info.plist */; };
/* End PBXBuildFile section */

/* Begin PBXContainerItemProxy section */
		9452CECF1AEE1BF40000C1B4 /* PBXContainerItemProxy */ = {
			isa = PBXContainerItemProxy;
			containerPortal = 9452CEAD1AEE1BF40000C1B4 /* Project object */;
			proxyType = 1;
			remoteGlobalIDString = 9452CEB41AEE1BF40000C1B4;
			remoteInfo = BlocBrowser;
		};
/* End PBXContainerItemProxy section */

/* Begin PBXFileReference section */
		9452CEB51AEE1BF40000C1B4 /* BlocBrowser.app */ = {isa = PBXFileReference; explicitFileType = wrapper.application; includeInIndex = 0; path = BlocBrowser.app; sourceTree = BUILT_PRODUCTS_DIR; };
		9452CEBA1AEE1BF40000C1B4 /* main.m */ = {isa = PBXFileReference; lastKnownFileType = sourcecode.c.objc; path = main.m; sourceTree = "<group>"; };
		9452CEBC1AEE1BF40000C1B4 /* BLCAppDelegate.h */ = {isa = PBXFileReference; lastKnownFileType = sourcecode.c.h; path = BLCAppDelegate.h; sourceTree = "<group>"; };
		9452CEBD1AEE1BF40000C1B4 /* BLCAppDelegate.m */ = {isa = PBXFileReference; lastKnownFileType = sourcecode.c.objc; path = BLCAppDelegate.m; sourceTree = "<group>"; };
		9452CEC51AEE1BF40000C1B4 /* Images.xcassets */ = {isa = PBXFileReference; lastKnownFileType = folder.assetcatalog; path = Images.xcassets; sourceTree = "<group>"; };
		9452CECE1AEE1BF40000C1B4 /* BlocBrowserTests.xctest */ = {isa = PBXFileReference; explicitFileType = wrapper.cfbundle; includeInIndex = 0; path = BlocBrowserTests.xctest; sourceTree = BUILT_PRODUCTS_DIR; };
		9452CED31AEE1BF40000C1B4 /* Info.plist */ = {isa = PBXFileReference; lastKnownFileType = text.plist.xml; path = Info.plist; sourceTree = "<group>"; };
		9452CED41AEE1BF40000C1B4 /* BlocBrowserTests.m */ = {isa = PBXFileReference; lastKnownFileType = sourcecode.c.objc; path = BlocBrowserTests.m; sourceTree = "<group>"; };
		9452CEE11AEE1CDF0000C1B4 /* BLCWebBrowserViewController.h */ = {isa = PBXFileReference; fileEncoding = 4; lastKnownFileType = sourcecode.c.h; path = BLCWebBrowserViewController.h; sourceTree = "<group>"; };
		9452CEE21AEE1CDF0000C1B4 /* BLCWebBrowserViewController.m */ = {isa = PBXFileReference; fileEncoding = 4; lastKnownFileType = sourcecode.c.objc; path = BLCWebBrowserViewController.m; sourceTree = "<group>"; };
		9452CEED1AEE3B2C0000C1B4 /* Default-568h@2x.png */ = {isa = PBXFileReference; lastKnownFileType = image.png; path = "Default-568h@2x.png"; sourceTree = "<group>"; };
		9452CEEF1AEE3BD30000C1B4 /* Info.plist */ = {isa = PBXFileReference; fileEncoding = 4; lastKnownFileType = text.plist.xml; path = Info.plist; sourceTree = "<group>"; };
/* End PBXFileReference section */

/* Begin PBXFrameworksBuildPhase section */
		9452CEB21AEE1BF40000C1B4 /* Frameworks */ = {
			isa = PBXFrameworksBuildPhase;
			buildActionMask = 2147483647;
			files = (
			);
			runOnlyForDeploymentPostprocessing = 0;
		};
		9452CECB1AEE1BF40000C1B4 /* Frameworks */ = {
			isa = PBXFrameworksBuildPhase;
			buildActionMask = 2147483647;
			files = (
			);
			runOnlyForDeploymentPostprocessing = 0;
		};
/* End PBXFrameworksBuildPhase section */

/* Begin PBXGroup section */
		9452CEAC1AEE1BF40000C1B4 = {
			isa = PBXGroup;
			children = (
				9452CEED1AEE3B2C0000C1B4 /* Default-568h@2x.png */,
				9452CEB71AEE1BF40000C1B4 /* BlocBrowser */,
				9452CED11AEE1BF40000C1B4 /* BlocBrowserTests */,
				9452CEB61AEE1BF40000C1B4 /* Products */,
			);
			sourceTree = "<group>";
		};
		9452CEB61AEE1BF40000C1B4 /* Products */ = {
			isa = PBXGroup;
			children = (
				9452CEB51AEE1BF40000C1B4 /* BlocBrowser.app */,
				9452CECE1AEE1BF40000C1B4 /* BlocBrowserTests.xctest */,
			);
			name = Products;
			sourceTree = "<group>";
		};
		9452CEB71AEE1BF40000C1B4 /* BlocBrowser */ = {
			isa = PBXGroup;
			children = (
				9452CEBC1AEE1BF40000C1B4 /* BLCAppDelegate.h */,
				9452CEBD1AEE1BF40000C1B4 /* BLCAppDelegate.m */,
				9452CEC51AEE1BF40000C1B4 /* Images.xcassets */,
				9452CEB81AEE1BF40000C1B4 /* Supporting Files */,
				9452CEE11AEE1CDF0000C1B4 /* BLCWebBrowserViewController.h */,
				9452CEE21AEE1CDF0000C1B4 /* BLCWebBrowserViewController.m */,
			);
			path = BlocBrowser;
			sourceTree = "<group>";
		};
		9452CEB81AEE1BF40000C1B4 /* Supporting Files */ = {
			isa = PBXGroup;
			children = (
				9452CEEF1AEE3BD30000C1B4 /* Info.plist */,
				9452CEBA1AEE1BF40000C1B4 /* main.m */,
			);
			name = "Supporting Files";
			sourceTree = "<group>";
		};
		9452CED11AEE1BF40000C1B4 /* BlocBrowserTests */ = {
			isa = PBXGroup;
			children = (
				9452CED41AEE1BF40000C1B4 /* BlocBrowserTests.m */,
				9452CED21AEE1BF40000C1B4 /* Supporting Files */,
			);
			path = BlocBrowserTests;
			sourceTree = "<group>";
		};
		9452CED21AEE1BF40000C1B4 /* Supporting Files */ = {
			isa = PBXGroup;
			children = (
				9452CED31AEE1BF40000C1B4 /* Info.plist */,
			);
			name = "Supporting Files";
			sourceTree = "<group>";
		};
/* End PBXGroup section */

/* Begin PBXNativeTarget section */
		9452CEB41AEE1BF40000C1B4 /* BlocBrowser */ = {
			isa = PBXNativeTarget;
			buildConfigurationList = 9452CED81AEE1BF40000C1B4 /* Build configuration list for PBXNativeTarget "BlocBrowser" */;
			buildPhases = (
				9452CEB11AEE1BF40000C1B4 /* Sources */,
				9452CEB21AEE1BF40000C1B4 /* Frameworks */,
				9452CEB31AEE1BF40000C1B4 /* Resources */,
			);
			buildRules = (
			);
			dependencies = (
			);
			name = BlocBrowser;
			productName = BlocBrowser;
			productReference = 9452CEB51AEE1BF40000C1B4 /* BlocBrowser.app */;
			productType = "com.apple.product-type.application";
		};
		9452CECD1AEE1BF40000C1B4 /* BlocBrowserTests */ = {
			isa = PBXNativeTarget;
			buildConfigurationList = 9452CEDB1AEE1BF40000C1B4 /* Build configuration list for PBXNativeTarget "BlocBrowserTests" */;
			buildPhases = (
				9452CECA1AEE1BF40000C1B4 /* Sources */,
				9452CECB1AEE1BF40000C1B4 /* Frameworks */,
				9452CECC1AEE1BF40000C1B4 /* Resources */,
			);
			buildRules = (
			);
			dependencies = (
				9452CED01AEE1BF40000C1B4 /* PBXTargetDependency */,
			);
			name = BlocBrowserTests;
			productName = BlocBrowserTests;
			productReference = 9452CECE1AEE1BF40000C1B4 /* BlocBrowserTests.xctest */;
			productType = "com.apple.product-type.bundle.unit-test";
		};
/* End PBXNativeTarget section */

/* Begin PBXProject section */
		9452CEAD1AEE1BF40000C1B4 /* Project object */ = {
			isa = PBXProject;
			attributes = {
				LastUpgradeCheck = 0630;
				ORGANIZATIONNAME = "Ryan Williams";
				TargetAttributes = {
					9452CEB41AEE1BF40000C1B4 = {
						CreatedOnToolsVersion = 6.3.1;
					};
					9452CECD1AEE1BF40000C1B4 = {
						CreatedOnToolsVersion = 6.3.1;
						TestTargetID = 9452CEB41AEE1BF40000C1B4;
					};
				};
			};
			buildConfigurationList = 9452CEB01AEE1BF40000C1B4 /* Build configuration list for PBXProject "BlocBrowser" */;
			compatibilityVersion = "Xcode 3.2";
			developmentRegion = English;
			hasScannedForEncodings = 0;
			knownRegions = (
				en,
				Base,
			);
			mainGroup = 9452CEAC1AEE1BF40000C1B4;
			productRefGroup = 9452CEB61AEE1BF40000C1B4 /* Products */;
			projectDirPath = "";
			projectRoot = "";
			targets = (
				9452CEB41AEE1BF40000C1B4 /* BlocBrowser */,
				9452CECD1AEE1BF40000C1B4 /* BlocBrowserTests */,
			);
		};
/* End PBXProject section */

/* Begin PBXResourcesBuildPhase section */
		9452CEB31AEE1BF40000C1B4 /* Resources */ = {
			isa = PBXResourcesBuildPhase;
			buildActionMask = 2147483647;
			files = (
				9452CEC61AEE1BF40000C1B4 /* Images.xcassets in Resources */,
				9452CEEE1AEE3B2C0000C1B4 /* Default-568h@2x.png in Resources */,
				9452CEF01AEE3BD30000C1B4 /* Info.plist in Resources */,
			);
			runOnlyForDeploymentPostprocessing = 0;
		};
		9452CECC1AEE1BF40000C1B4 /* Resources */ = {
			isa = PBXResourcesBuildPhase;
			buildActionMask = 2147483647;
			files = (
			);
			runOnlyForDeploymentPostprocessing = 0;
		};
/* End PBXResourcesBuildPhase section */

/* Begin PBXSourcesBuildPhase section */
		9452CEB11AEE1BF40000C1B4 /* Sources */ = {
			isa = PBXSourcesBuildPhase;
			buildActionMask = 2147483647;
			files = (
				9452CEBE1AEE1BF40000C1B4 /* BLCAppDelegate.m in Sources */,
				9452CEBB1AEE1BF40000C1B4 /* main.m in Sources */,
				9452CEE31AEE1CDF0000C1B4 /* BLCWebBrowserViewController.m in Sources */,
			);
			runOnlyForDeploymentPostprocessing = 0;
		};
		9452CECA1AEE1BF40000C1B4 /* Sources */ = {
			isa = PBXSourcesBuildPhase;
			buildActionMask = 2147483647;
			files = (
				9452CED51AEE1BF40000C1B4 /* BlocBrowserTests.m in Sources */,
			);
			runOnlyForDeploymentPostprocessing = 0;
		};
/* End PBXSourcesBuildPhase section */

/* Begin PBXTargetDependency section */
		9452CED01AEE1BF40000C1B4 /* PBXTargetDependency */ = {
			isa = PBXTargetDependency;
			target = 9452CEB41AEE1BF40000C1B4 /* BlocBrowser */;
			targetProxy = 9452CECF1AEE1BF40000C1B4 /* PBXContainerItemProxy */;
		};
/* End PBXTargetDependency section */

/* Begin XCBuildConfiguration section */
		9452CED61AEE1BF40000C1B4 /* Debug */ = {
			isa = XCBuildConfiguration;
			buildSettings = {
				ALWAYS_SEARCH_USER_PATHS = NO;
				CLANG_CXX_LANGUAGE_STANDARD = "gnu++0x";
				CLANG_CXX_LIBRARY = "libc++";
				CLANG_ENABLE_MODULES = YES;
				CLANG_ENABLE_OBJC_ARC = YES;
				CLANG_WARN_BOOL_CONVERSION = YES;
				CLANG_WARN_CONSTANT_CONVERSION = YES;
				CLANG_WARN_DIRECT_OBJC_ISA_USAGE = YES_ERROR;
				CLANG_WARN_EMPTY_BODY = YES;
				CLANG_WARN_ENUM_CONVERSION = YES;
				CLANG_WARN_INT_CONVERSION = YES;
				CLANG_WARN_OBJC_ROOT_CLASS = YES_ERROR;
				CLANG_WARN_UNREACHABLE_CODE = YES;
				CLANG_WARN__DUPLICATE_METHOD_MATCH = YES;
				"CODE_SIGN_IDENTITY[sdk=iphoneos*]" = "iPhone Developer";
				COPY_PHASE_STRIP = NO;
				DEBUG_INFORMATION_FORMAT = "dwarf-with-dsym";
				ENABLE_STRICT_OBJC_MSGSEND = YES;
				GCC_C_LANGUAGE_STANDARD = gnu99;
				GCC_DYNAMIC_NO_PIC = NO;
				GCC_NO_COMMON_BLOCKS = YES;
				GCC_OPTIMIZATION_LEVEL = 0;
				GCC_PREPROCESSOR_DEFINITIONS = (
					"DEBUG=1",
					"$(inherited)",
				);
				GCC_SYMBOLS_PRIVATE_EXTERN = NO;
				GCC_WARN_64_TO_32_BIT_CONVERSION = YES;
				GCC_WARN_ABOUT_RETURN_TYPE = YES_ERROR;
				GCC_WARN_UNDECLARED_SELECTOR = YES;
				GCC_WARN_UNINITIALIZED_AUTOS = YES_AGGRESSIVE;
				GCC_WARN_UNUSED_FUNCTION = YES;
				GCC_WARN_UNUSED_VARIABLE = YES;
				IPHONEOS_DEPLOYMENT_TARGET = 8.3;
				MTL_ENABLE_DEBUG_INFO = YES;
				ONLY_ACTIVE_ARCH = YES;
				SDKROOT = iphoneos;
				TARGETED_DEVICE_FAMILY = "1,2";
			};
			name = Debug;
		};
		9452CED71AEE1BF40000C1B4 /* Release */ = {
			isa = XCBuildConfiguration;
			buildSettings = {
				ALWAYS_SEARCH_USER_PATHS = NO;
				CLANG_CXX_LANGUAGE_STANDARD = "gnu++0x";
				CLANG_CXX_LIBRARY = "libc++";
				CLANG_ENABLE_MODULES = YES;
				CLANG_ENABLE_OBJC_ARC = YES;
				CLANG_WARN_BOOL_CONVERSION = YES;
				CLANG_WARN_CONSTANT_CONVERSION = YES;
				CLANG_WARN_DIRECT_OBJC_ISA_USAGE = YES_ERROR;
				CLANG_WARN_EMPTY_BODY = YES;
				CLANG_WARN_ENUM_CONVERSION = YES;
				CLANG_WARN_INT_CONVERSION = YES;
				CLANG_WARN_OBJC_ROOT_CLASS = YES_ERROR;
				CLANG_WARN_UNREACHABLE_CODE = YES;
				CLANG_WARN__DUPLICATE_METHOD_MATCH = YES;
				"CODE_SIGN_IDENTITY[sdk=iphoneos*]" = "iPhone Developer";
				COPY_PHASE_STRIP = NO;
				DEBUG_INFORMATION_FORMAT = "dwarf-with-dsym";
				ENABLE_NS_ASSERTIONS = NO;
				ENABLE_STRICT_OBJC_MSGSEND = YES;
				GCC_C_LANGUAGE_STANDARD = gnu99;
				GCC_NO_COMMON_BLOCKS = YES;
				GCC_WARN_64_TO_32_BIT_CONVERSION = YES;
				GCC_WARN_ABOUT_RETURN_TYPE = YES_ERROR;
				GCC_WARN_UNDECLARED_SELECTOR = YES;
				GCC_WARN_UNINITIALIZED_AUTOS = YES_AGGRESSIVE;
				GCC_WARN_UNUSED_FUNCTION = YES;
				GCC_WARN_UNUSED_VARIABLE = YES;
				IPHONEOS_DEPLOYMENT_TARGET = 8.3;
				MTL_ENABLE_DEBUG_INFO = NO;
				SDKROOT = iphoneos;
				TARGETED_DEVICE_FAMILY = "1,2";
				VALIDATE_PRODUCT = YES;
			};
			name = Release;
		};
		9452CED91AEE1BF40000C1B4 /* Debug */ = {
			isa = XCBuildConfiguration;
			buildSettings = {
				ASSETCATALOG_COMPILER_APPICON_NAME = AppIcon;
				INFOPLIST_FILE = BlocBrowser/Info.plist;
				LD_RUNPATH_SEARCH_PATHS = "$(inherited) @executable_path/Frameworks";
				PRODUCT_NAME = "$(TARGET_NAME)";
			};
			name = Debug;
		};
		9452CEDA1AEE1BF40000C1B4 /* Release */ = {
			isa = XCBuildConfiguration;
			buildSettings = {
				ASSETCATALOG_COMPILER_APPICON_NAME = AppIcon;
				INFOPLIST_FILE = BlocBrowser/Info.plist;
				LD_RUNPATH_SEARCH_PATHS = "$(inherited) @executable_path/Frameworks";
				PRODUCT_NAME = "$(TARGET_NAME)";
			};
			name = Release;
		};
		9452CEDC1AEE1BF40000C1B4 /* Debug */ = {
			isa = XCBuildConfiguration;
			buildSettings = {
				BUNDLE_LOADER = "$(TEST_HOST)";
				FRAMEWORK_SEARCH_PATHS = (
					"$(SDKROOT)/Developer/Library/Frameworks",
					"$(inherited)",
				);
				GCC_PREPROCESSOR_DEFINITIONS = (
					"DEBUG=1",
					"$(inherited)",
				);
				INFOPLIST_FILE = BlocBrowserTests/Info.plist;
				LD_RUNPATH_SEARCH_PATHS = "$(inherited) @executable_path/Frameworks @loader_path/Frameworks";
				PRODUCT_NAME = "$(TARGET_NAME)";
				TEST_HOST = "$(BUILT_PRODUCTS_DIR)/BlocBrowser.app/BlocBrowser";
			};
			name = Debug;
		};
		9452CEDD1AEE1BF40000C1B4 /* Release */ = {
			isa = XCBuildConfiguration;
			buildSettings = {
				BUNDLE_LOADER = "$(TEST_HOST)";
				FRAMEWORK_SEARCH_PATHS = (
					"$(SDKROOT)/Developer/Library/Frameworks",
					"$(inherited)",
				);
				INFOPLIST_FILE = BlocBrowserTests/Info.plist;
				LD_RUNPATH_SEARCH_PATHS = "$(inherited) @executable_path/Frameworks @loader_path/Frameworks";
				PRODUCT_NAME = "$(TARGET_NAME)";
				TEST_HOST = "$(BUILT_PRODUCTS_DIR)/BlocBrowser.app/BlocBrowser";
			};
			name = Release;
		};
/* End XCBuildConfiguration section */

/* Begin XCConfigurationList section */
		9452CEB01AEE1BF40000C1B4 /* Build configuration list for PBXProject "BlocBrowser" */ = {
			isa = XCConfigurationList;
			buildConfigurations = (
				9452CED61AEE1BF40000C1B4 /* Debug */,
				9452CED71AEE1BF40000C1B4 /* Release */,
			);
			defaultConfigurationIsVisible = 0;
			defaultConfigurationName = Release;
		};
		9452CED81AEE1BF40000C1B4 /* Build configuration list for PBXNativeTarget "BlocBrowser" */ = {
			isa = XCConfigurationList;
			buildConfigurations = (
				9452CED91AEE1BF40000C1B4 /* Debug */,
				9452CEDA1AEE1BF40000C1B4 /* Release */,
			);
			defaultConfigurationIsVisible = 0;
			defaultConfigurationName = Release;
		};
		9452CEDB1AEE1BF40000C1B4 /* Build configuration list for PBXNativeTarget "BlocBrowserTests" */ = {
			isa = XCConfigurationList;
			buildConfigurations = (
				9452CEDC1AEE1BF40000C1B4 /* Debug */,
				9452CEDD1AEE1BF40000C1B4 /* Release */,
			);
			defaultConfigurationIsVisible = 0;
			defaultConfigurationName = Release;
		};
/* End XCConfigurationList section */
	};
	rootObject = 9452CEAD1AEE1BF40000C1B4 /* Project object */;
}
